<Solution>
  <Folder Name="/src/">
    <Project Path="src/DriftDNS.App/DriftDNS.App.csproj" />
    <Project Path="src/DriftDNS.Core/DriftDNS.Core.csproj" />
    <Project Path="src/DriftDNS.Infrastructure/DriftDNS.Infrastructure.csproj" />
  </Folder>
  <Folder Name="/tests/">
    <Project Path="tests/DriftDNS.Tests/DriftDNS.Tests.csproj" />
  </Folder>
</Solution>
